
Microsoft Visual Studio Solution File, Format Version 12.00
# Visual Studio Version 17
VisualStudioVersion = 17.5.002.0
MinimumVisualStudioVersion = 10.0.40219.1
Project("{2150E333-8FDC-42A3-9474-1A3956D46DE8}") = "server", "server", "{CA6576DB-D831-453C-A7AF-6D3BA9EBE644}"
EndProject
Project("{9A19103F-16F7-4668-BE54-9A1E7A4F7556}") = "Instagram.API", "server\Instagram.API\Instagram.API.csproj", "{8FC7C716-AC3E-460C-97EF-7E5DE12BD470}"
EndProject
Global
	GlobalSection(SolutionConfigurationPlatforms) = preSolution
		Debug|Any CPU = Debug|Any CPU
		Release|Any CPU = Release|Any CPU
	EndGlobalSection
	GlobalSection(ProjectConfigurationPlatforms) = postSolution
		{8FC7C716-AC3E-460C-97EF-7E5DE12BD470}.Debug|Any CPU.ActiveCfg = Debug|Any CPU
		{8FC7C716-AC3E-460C-97EF-7E5DE12BD470}.Debug|Any CPU.Build.0 = Debug|Any CPU
		{8FC7C716-AC3E-460C-97EF-7E5DE12BD470}.Release|Any CPU.ActiveCfg = Release|Any CPU
		{8FC7C716-AC3E-460C-97EF-7E5DE12BD470}.Release|Any CPU.Build.0 = Release|Any CPU
	EndGlobalSection
	GlobalSection(SolutionProperties) = preSolution
		HideSolutionNode = FALSE
	EndGlobalSection
	GlobalSection(NestedProjects) = preSolution
		{8FC7C716-AC3E-460C-97EF-7E5DE12BD470} = {CA6576DB-D831-453C-A7AF-6D3BA9EBE644}
	EndGlobalSection
	GlobalSection(ExtensibilityGlobals) = postSolution
		SolutionGuid = {FC6DA05E-92BC-42A4-A681-122FA93B3411}
	EndGlobalSection
EndGlobal
